
Microsoft Visual Studio Solution File, Format Version 12.00
# Visual Studio Version 17
VisualStudioVersion = 17.14.36414.22 d17.14
MinimumVisualStudioVersion = 10.0.40219.1
Project("{FAE04EC0-301F-11D3-BF4B-00C04F79EFBC}") = "RestWithASPNETUdemy", "RestWithASPNETUdemy\RestWithASPNETUdemy.csproj", "{35ADC729-FD21-4029-92E6-40F13B492BA9}"
EndProject
Global
	GlobalSection(SolutionConfigurationPlatforms) = preSolution
		Debug|Any CPU = Debug|Any CPU
		Release|Any CPU = Release|Any CPU
	EndGlobalSection
	GlobalSection(ProjectConfigurationPlatforms) = postSolution
		{35ADC729-FD21-4029-92E6-40F13B492BA9}.Debug|Any CPU.ActiveCfg = Debug|Any CPU
		{35ADC729-FD21-4029-92E6-40F13B492BA9}.Debug|Any CPU.Build.0 = Debug|Any CPU
		{35ADC729-FD21-4029-92E6-40F13B492BA9}.Release|Any CPU.ActiveCfg = Release|Any CPU
		{35ADC729-FD21-4029-92E6-40F13B492BA9}.Release|Any CPU.Build.0 = Release|Any CPU
	EndGlobalSection
	GlobalSection(SolutionProperties) = preSolution
		HideSolutionNode = FALSE
	EndGlobalSection
	GlobalSection(ExtensibilityGlobals) = postSolution
		SolutionGuid = {E5D11FE1-7587-4A7F-8570-35BA591D62CA}
	EndGlobalSection
EndGlobal
